
Microsoft Visual Studio Solution File, Format Version 12.00
# Visual Studio Version 17
VisualStudioVersion = 17.2.32526.322
MinimumVisualStudioVersion = 10.0.40219.1
Project("{FAE04EC0-301F-11D3-BF4B-00C04F79EFBC}") = "MudBz_Qltv_Web.Client", "MudBz_Qltv_Web\Client\MudBz_Qltv_Web.Client.csproj", "{1214DA5C-6508-4A2F-B956-00E680FE52A8}"
EndProject
Project("{FAE04EC0-301F-11D3-BF4B-00C04F79EFBC}") = "MudBz_Qltv_Web.Server", "MudBz_Qltv_Web\Server\MudBz_Qltv_Web.Server.csproj", "{29E5D4E0-158D-485B-B863-7927ED0BD529}"
EndProject
Project("{FAE04EC0-301F-11D3-BF4B-00C04F79EFBC}") = "MudBz_Qltv_Web.Shared", "MudBz_Qltv_Web\Shared\MudBz_Qltv_Web.Shared.csproj", "{E6C05503-B5FB-4B17-96EA-4A4963E8C89E}"
EndProject
Global
	GlobalSection(SolutionConfigurationPlatforms) = preSolution
		Debug|Any CPU = Debug|Any CPU
		Release|Any CPU = Release|Any CPU
	EndGlobalSection
	GlobalSection(ProjectConfigurationPlatforms) = postSolution
		{1214DA5C-6508-4A2F-B956-00E680FE52A8}.Debug|Any CPU.ActiveCfg = Debug|Any CPU
		{1214DA5C-6508-4A2F-B956-00E680FE52A8}.Debug|Any CPU.Build.0 = Debug|Any CPU
		{1214DA5C-6508-4A2F-B956-00E680FE52A8}.Release|Any CPU.ActiveCfg = Release|Any CPU
		{1214DA5C-6508-4A2F-B956-00E680FE52A8}.Release|Any CPU.Build.0 = Release|Any CPU
		{29E5D4E0-158D-485B-B863-7927ED0BD529}.Debug|Any CPU.ActiveCfg = Debug|Any CPU
		{29E5D4E0-158D-485B-B863-7927ED0BD529}.Debug|Any CPU.Build.0 = Debug|Any CPU
		{29E5D4E0-158D-485B-B863-7927ED0BD529}.Release|Any CPU.ActiveCfg = Release|Any CPU
		{29E5D4E0-158D-485B-B863-7927ED0BD529}.Release|Any CPU.Build.0 = Release|Any CPU
		{E6C05503-B5FB-4B17-96EA-4A4963E8C89E}.Debug|Any CPU.ActiveCfg = Debug|Any CPU
		{E6C05503-B5FB-4B17-96EA-4A4963E8C89E}.Debug|Any CPU.Build.0 = Debug|Any CPU
		{E6C05503-B5FB-4B17-96EA-4A4963E8C89E}.Release|Any CPU.ActiveCfg = Release|Any CPU
		{E6C05503-B5FB-4B17-96EA-4A4963E8C89E}.Release|Any CPU.Build.0 = Release|Any CPU
	EndGlobalSection
	GlobalSection(SolutionProperties) = preSolution
		HideSolutionNode = FALSE
	EndGlobalSection
	GlobalSection(ExtensibilityGlobals) = postSolution
		SolutionGuid = {D0C7F282-AC2B-46D7-99C6-0EC8FD610E8E}
	EndGlobalSection
EndGlobal
