
Microsoft Visual Studio Solution File, Format Version 12.00
# Visual Studio Version 17
VisualStudioVersion = 17.0.31717.71
MinimumVisualStudioVersion = 10.0.40219.1
Project("{C51E20B5-92DB-4461-804E-7A6E8FF830CE}") = "MudBz_Qltv_Web.Server", "Server\MudBz_Qltv_Web.Server.csproj", "{A7837D3B-DB85-404C-8AF6-A56C135B9902}"
EndProject
Project("{C51E20B5-92DB-4461-804E-7A6E8FF830CE}") = "MudBz_Qltv_Web.Client", "Client\MudBz_Qltv_Web.Client.csproj", "{D6C0267A-DA44-4DC6-A083-733B06524322}"
EndProject
Project("{C51E20B5-92DB-4461-804E-7A6E8FF830CE}") = "MudBz_Qltv_Web.Shared", "Shared\MudBz_Qltv_Web.Shared.csproj", "{601F618E-298E-4E84-9EC4-BB862B2E8E27}"
EndProject
Global
	GlobalSection(SolutionConfigurationPlatforms) = preSolution
		Debug|Any CPU = Debug|Any CPU
		Release|Any CPU = Release|Any CPU
	EndGlobalSection
	GlobalSection(ProjectConfigurationPlatforms) = postSolution
		{A7837D3B-DB85-404C-8AF6-A56C135B9902}.Debug|Any CPU.ActiveCfg = Debug|Any CPU
		{A7837D3B-DB85-404C-8AF6-A56C135B9902}.Debug|Any CPU.Build.0 = Debug|Any CPU
		{A7837D3B-DB85-404C-8AF6-A56C135B9902}.Release|Any CPU.ActiveCfg = Release|Any CPU
		{A7837D3B-DB85-404C-8AF6-A56C135B9902}.Release|Any CPU.Build.0 = Release|Any CPU
		{D6C0267A-DA44-4DC6-A083-733B06524322}.Debug|Any CPU.ActiveCfg = Debug|Any CPU
		{D6C0267A-DA44-4DC6-A083-733B06524322}.Debug|Any CPU.Build.0 = Debug|Any CPU
		{D6C0267A-DA44-4DC6-A083-733B06524322}.Release|Any CPU.ActiveCfg = Release|Any CPU
		{D6C0267A-DA44-4DC6-A083-733B06524322}.Release|Any CPU.Build.0 = Release|Any CPU
		{601F618E-298E-4E84-9EC4-BB862B2E8E27}.Debug|Any CPU.ActiveCfg = Debug|Any CPU
		{601F618E-298E-4E84-9EC4-BB862B2E8E27}.Debug|Any CPU.Build.0 = Debug|Any CPU
		{601F618E-298E-4E84-9EC4-BB862B2E8E27}.Release|Any CPU.ActiveCfg = Release|Any CPU
		{601F618E-298E-4E84-9EC4-BB862B2E8E27}.Release|Any CPU.Build.0 = Release|Any CPU
	EndGlobalSection
	GlobalSection(SolutionProperties) = preSolution
		HideSolutionNode = FALSE
	EndGlobalSection
	GlobalSection(ExtensibilityGlobals) = postSolution
		SolutionGuid = {3509E26A-C514-4BCD-9BB4-7B47952F9580}
	EndGlobalSection
EndGlobal